
Microsoft Visual Studio Solution File, Format Version 12.00
# Visual Studio Version 17
VisualStudioVersion = 17.0.31903.59
MinimumVisualStudioVersion = 10.0.40219.1
Project("{FAE04EC0-301F-11D3-BF4B-00C04F79EFBC}") = "AltV.Freeroam.Server", "AltV.Freeroam.Server\AltV.Freeroam.Server.csproj", "{8277201B-E530-410E-8A56-8A4DA9B659B4}"
EndProject
Project("{9092AA53-FB77-4645-B42D-1CCCA6BD08BD}") = "AltV.Freeroam.Client", "AltV.Freeroam.Client\AltV.Freeroam.Client.njsproj", "{AE413CB6-2FF6-4EC8-A3B5-D3217FD7A815}"
EndProject
Global
	GlobalSection(SolutionConfigurationPlatforms) = preSolution
		Debug|Any CPU = Debug|Any CPU
		Release|Any CPU = Release|Any CPU
	EndGlobalSection
	GlobalSection(ProjectConfigurationPlatforms) = postSolution
		{8277201B-E530-410E-8A56-8A4DA9B659B4}.Debug|Any CPU.ActiveCfg = Debug|Any CPU
		{8277201B-E530-410E-8A56-8A4DA9B659B4}.Debug|Any CPU.Build.0 = Debug|Any CPU
		{8277201B-E530-410E-8A56-8A4DA9B659B4}.Release|Any CPU.ActiveCfg = Release|Any CPU
		{8277201B-E530-410E-8A56-8A4DA9B659B4}.Release|Any CPU.Build.0 = Release|Any CPU
		{AE413CB6-2FF6-4EC8-A3B5-D3217FD7A815}.Debug|Any CPU.ActiveCfg = Debug|Any CPU
		{AE413CB6-2FF6-4EC8-A3B5-D3217FD7A815}.Debug|Any CPU.Build.0 = Debug|Any CPU
		{AE413CB6-2FF6-4EC8-A3B5-D3217FD7A815}.Release|Any CPU.ActiveCfg = Release|Any CPU
		{AE413CB6-2FF6-4EC8-A3B5-D3217FD7A815}.Release|Any CPU.Build.0 = Release|Any CPU
	EndGlobalSection
	GlobalSection(SolutionProperties) = preSolution
		HideSolutionNode = FALSE
	EndGlobalSection
	GlobalSection(ExtensibilityGlobals) = postSolution
		SolutionGuid = {07659380-8448-45F0-B870-ED40A3298F93}
	EndGlobalSection
EndGlobal
