
Microsoft Visual Studio Solution File, Format Version 12.00
Project("{FAE04EC0-301F-11D3-BF4B-00C04F79EFBC}") = "AltV.Freeroam", "AltV.Freeroam\AltV.Freeroam.csproj", "{69DF3551-3D1C-4BF4-AF38-3EE437B6BC7B}"
EndProject
Global
	GlobalSection(SolutionConfigurationPlatforms) = preSolution
		Debug|Any CPU = Debug|Any CPU
		Release|Any CPU = Release|Any CPU
	EndGlobalSection
	GlobalSection(ProjectConfigurationPlatforms) = postSolution
		{69DF3551-3D1C-4BF4-AF38-3EE437B6BC7B}.Debug|Any CPU.ActiveCfg = Debug|Any CPU
		{69DF3551-3D1C-4BF4-AF38-3EE437B6BC7B}.Debug|Any CPU.Build.0 = Debug|Any CPU
		{69DF3551-3D1C-4BF4-AF38-3EE437B6BC7B}.Release|Any CPU.ActiveCfg = Release|Any CPU
		{69DF3551-3D1C-4BF4-AF38-3EE437B6BC7B}.Release|Any CPU.Build.0 = Release|Any CPU
	EndGlobalSection
EndGlobal
